
Microsoft Visual Studio Solution File, Format Version 12.00
Project("{FAE04EC0-301F-11D3-BF4B-00C04F79EFBC}") = "MonopolyCoreConsole", "MonopolyCoreConsole\MonopolyCoreConsole.csproj", "{8BCF4F72-CD6C-4A5A-ACD9-460CFB35B892}"
EndProject
Global
	GlobalSection(SolutionConfigurationPlatforms) = preSolution
		Debug|Any CPU = Debug|Any CPU
		Release|Any CPU = Release|Any CPU
	EndGlobalSection
	GlobalSection(ProjectConfigurationPlatforms) = postSolution
		{8BCF4F72-CD6C-4A5A-ACD9-460CFB35B892}.Debug|Any CPU.ActiveCfg = Debug|Any CPU
		{8BCF4F72-CD6C-4A5A-ACD9-460CFB35B892}.Debug|Any CPU.Build.0 = Debug|Any CPU
		{8BCF4F72-CD6C-4A5A-ACD9-460CFB35B892}.Release|Any CPU.ActiveCfg = Release|Any CPU
		{8BCF4F72-CD6C-4A5A-ACD9-460CFB35B892}.Release|Any CPU.Build.0 = Release|Any CPU
	EndGlobalSection
EndGlobal
